<?xml version="1.0" encoding="utf-8"?>
<Project ToolsVersion="4.0" xmlns="http://schemas.microsoft.com/developer/msbuild/2003">
  <ItemGroup>
    <Filter Include="Common">
      <UniqueIdentifier>0bcd3683-89fe-4084-8347-35ce63f87cd5</UniqueIdentifier>
    </Filter>
    <Filter Include="Assets">
      <UniqueIdentifier>e25d2dbe-3009-483b-916b-c2707c7cfee4</UniqueIdentifier>
      <Extensions>bmp;fbx;gif;jpg;jpeg;tga;tiff;tif;png</Extensions>
    </Filter>
    <Filter Include="Content">
      <UniqueIdentifier>1a36e5ea-471c-4464-afd1-2e9b6c3c12ca</UniqueIdentifier>
    </Filter>
    <Image Include="Assets\Logo.png">
      <Filter>Assets</Filter>
    </Image>
    <Image Include="Assets\SmallLogo.png">
      <Filter>Assets</Filter>
    </Image>
    <Image Include="Assets\StoreLogo.png">
      <Filter>Assets</Filter>
    </Image>
    <Image Include="Assets\SplashScreen.png">
      <Filter>Assets</Filter>
    </Image>
  </ItemGroup>
  <ItemGroup>
    <ClCompile Include="App.cpp" />
    <ClCompile Include="pch.cpp" />
    <ClCompile Include="main.cpp" />
    <ClCompile Include="CGame.cpp" />
    <ClCompile Include="Game.cpp" />
    <ClCompile Include="Entity.cpp" />
    <ClCompile Include="DrawableElement.cpp" />
    <ClCompile Include="Controller.cpp" />
    <ClCompile Include="InputManager.cpp" />
    <ClCompile Include="GameplayView.cpp" />
    <ClCompile Include="vec.cpp" />
    <ClCompile Include="GraphicsManager.cpp" />
  </ItemGroup>
  <ItemGroup>
    <ClInclude Include="App.h" />
    <ClInclude Include="pch.h" />
    <ClInclude Include="View.h" />
    <ClInclude Include="CGame.h" />
    <ClInclude Include="Game.h" />
    <ClInclude Include="Entity.h" />
    <ClInclude Include="DrawableElement.h" />
    <ClInclude Include="Controller.h" />
    <ClInclude Include="InputManager.h" />
    <ClInclude Include="GameplayView.h" />
    <ClInclude Include="vec.h" />
    <ClInclude Include="GraphicsManager.h" />
  </ItemGroup>
  <ItemGroup>
    <AppxManifest Include="Package.appxmanifest" />
  </ItemGroup>
  <ItemGroup>
    <None Include="App3_TemporaryKey.pfx" />
  </ItemGroup>
  <ItemGroup>
    <FxCompile Include="PixelShader.hlsl" />
    <FxCompile Include="VertexShader.hlsl" />
  </ItemGroup>
</Project>